// !$*UTF8*$!
{
	archiveVersion = 1;
	classes = {
	};
	objectVersion = 56;
	objects = {

/* Begin PBXBuildFile section */
		800000000000000000000001 /* TankRadarApp.swift in Sources */ = {isa = PBXBuildFile; fileRef = 300000000000000000000001 /* TankRadarApp.swift */; };
		800000000000000000000002 /* ContentView.swift in Sources */ = {isa = PBXBuildFile; fileRef = 300000000000000000000002 /* ContentView.swift */; };
		800000000000000000000003 /* Assets.xcassets in Resources */ = {isa = PBXBuildFile; fileRef = 300000000000000000000003 /* Assets.xcassets */; };
		F20000000000000000000001 /* APIKeys.example.swift in Sources */ = {isa = PBXBuildFile; fileRef = F10000000000000000000001 /* APIKeys.example.swift */; };
		F50200000000000000000001 /* FuelType.swift in Sources */ = {isa = PBXBuildFile; fileRef = F50100000000000000000001 /* FuelType.swift */; };
		F50200000000000000000002 /* Station.swift in Sources */ = {isa = PBXBuildFile; fileRef = F50100000000000000000002 /* Station.swift */; };
		F50300000000000000000001 /* FuelTypeTests.swift in Sources */ = {isa = PBXBuildFile; fileRef = F51100000000000000000001 /* FuelTypeTests.swift */; };
		F50300000000000000000002 /* StationTests.swift in Sources */ = {isa = PBXBuildFile; fileRef = F51100000000000000000002 /* StationTests.swift */; };
		F50400000000000000000001 /* station-list-sample.json in Resources */ = {isa = PBXBuildFile; fileRef = F51200000000000000000001 /* station-list-sample.json */; };
		F50400000000000000000002 /* station-price-false-sample.json in Resources */ = {isa = PBXBuildFile; fileRef = F51200000000000000000002 /* station-price-false-sample.json */; };
		800000000000000000000005 /* TankRadarUITests.swift in Sources */ = {isa = PBXBuildFile; fileRef = 500000000000000000000001 /* TankRadarUITests.swift */; };
/* End PBXBuildFile section */

/* Begin PBXContainerItemProxy section */
		900000000000000000000001 /* PBXContainerItemProxy */ = {
			isa = PBXContainerItemProxy;
			containerPortal = 100000000000000000000001 /* Project object */;
			proxyType = 1;
			remoteGlobalIDString = 100000000000000000000002;
			remoteInfo = TankRadar;
		};
		900000000000000000000002 /* PBXContainerItemProxy */ = {
			isa = PBXContainerItemProxy;
			containerPortal = 100000000000000000000001 /* Project object */;
			proxyType = 1;
			remoteGlobalIDString = 100000000000000000000002;
			remoteInfo = TankRadar;
		};
/* End PBXContainerItemProxy section */

/* Begin PBXFileReference section */
		200000000000000000000001 /* TankRadar.app */ = {isa = PBXFileReference; explicitFileType = wrapper.application; includeInIndex = 0; path = TankRadar.app; sourceTree = BUILT_PRODUCTS_DIR; };
		200000000000000000000002 /* TankRadarTests.xctest */ = {isa = PBXFileReference; explicitFileType = wrapper.cfbundle; includeInIndex = 0; path = TankRadarTests.xctest; sourceTree = BUILT_PRODUCTS_DIR; };
		200000000000000000000003 /* TankRadarUITests.xctest */ = {isa = PBXFileReference; explicitFileType = wrapper.cfbundle; includeInIndex = 0; path = TankRadarUITests.xctest; sourceTree = BUILT_PRODUCTS_DIR; };
		300000000000000000000001 /* TankRadarApp.swift */ = {isa = PBXFileReference; lastKnownFileType = sourcecode.swift; path = TankRadarApp.swift; sourceTree = "<group>"; };
		300000000000000000000002 /* ContentView.swift */ = {isa = PBXFileReference; lastKnownFileType = sourcecode.swift; path = ContentView.swift; sourceTree = "<group>"; };
		300000000000000000000003 /* Assets.xcassets */ = {isa = PBXFileReference; lastKnownFileType = folder.assetcatalog; path = Assets.xcassets; sourceTree = "<group>"; };
		F10000000000000000000001 /* APIKeys.example.swift */ = {isa = PBXFileReference; lastKnownFileType = sourcecode.swift; path = APIKeys.example.swift; sourceTree = "<group>"; };
		F50100000000000000000001 /* FuelType.swift */ = {isa = PBXFileReference; lastKnownFileType = sourcecode.swift; path = FuelType.swift; sourceTree = "<group>"; };
		F50100000000000000000002 /* Station.swift */ = {isa = PBXFileReference; lastKnownFileType = sourcecode.swift; path = Station.swift; sourceTree = "<group>"; };
		F51100000000000000000001 /* FuelTypeTests.swift */ = {isa = PBXFileReference; lastKnownFileType = sourcecode.swift; path = FuelTypeTests.swift; sourceTree = "<group>"; };
		F51100000000000000000002 /* StationTests.swift */ = {isa = PBXFileReference; lastKnownFileType = sourcecode.swift; path = StationTests.swift; sourceTree = "<group>"; };
		F51200000000000000000001 /* station-list-sample.json */ = {isa = PBXFileReference; lastKnownFileType = text.json; path = "station-list-sample.json"; sourceTree = "<group>"; };
		F51200000000000000000002 /* station-price-false-sample.json */ = {isa = PBXFileReference; lastKnownFileType = text.json; path = "station-price-false-sample.json"; sourceTree = "<group>"; };
		500000000000000000000001 /* TankRadarUITests.swift */ = {isa = PBXFileReference; lastKnownFileType = sourcecode.swift; path = TankRadarUITests.swift; sourceTree = "<group>"; };
/* End PBXFileReference section */

/* Begin PBXFrameworksBuildPhase section */
		700000000000000000000002 /* Frameworks */ = {
			isa = PBXFrameworksBuildPhase;
			buildActionMask = 2147483647;
			files = (
			);
			runOnlyForDeploymentPostprocessing = 0;
		};
		700000000000000000000012 /* Frameworks */ = {
			isa = PBXFrameworksBuildPhase;
			buildActionMask = 2147483647;
			files = (
			);
			runOnlyForDeploymentPostprocessing = 0;
		};
		700000000000000000000022 /* Frameworks */ = {
			isa = PBXFrameworksBuildPhase;
			buildActionMask = 2147483647;
			files = (
			);
			runOnlyForDeploymentPostprocessing = 0;
		};
/* End PBXFrameworksBuildPhase section */

/* Begin PBXGroup section */
		600000000000000000000001 = {
			isa = PBXGroup;
			children = (
				600000000000000000000003 /* TankRadar */,
				600000000000000000000004 /* TankRadarTests */,
				600000000000000000000005 /* TankRadarUITests */,
				600000000000000000000002 /* Products */,
			);
			sourceTree = "<group>";
		};
		600000000000000000000002 /* Products */ = {
			isa = PBXGroup;
			children = (
				200000000000000000000001 /* TankRadar.app */,
				200000000000000000000002 /* TankRadarTests.xctest */,
				200000000000000000000003 /* TankRadarUITests.xctest */,
			);
			name = Products;
			sourceTree = "<group>";
		};
		600000000000000000000003 /* TankRadar */ = {
			isa = PBXGroup;
			children = (
				300000000000000000000001 /* TankRadarApp.swift */,
				300000000000000000000002 /* ContentView.swift */,
				300000000000000000000003 /* Assets.xcassets */,
				F31000000000000000000001 /* Features */,
				F35000000000000000000001 /* Services */,
				F36000000000000000000001 /* Models */,
				F37000000000000000000001 /* Design */,
				F38000000000000000000001 /* Intents */,
				F30000000000000000000001 /* Support */,
			);
			path = TankRadar;
			sourceTree = "<group>";
		};
		F30000000000000000000001 /* Support */ = {
			isa = PBXGroup;
			children = (
				F10000000000000000000001 /* APIKeys.example.swift */,
			);
			path = Support;
			sourceTree = "<group>";
		};
		F31000000000000000000001 /* Features */ = {
			isa = PBXGroup;
			children = (
				F32000000000000000000001 /* Map */,
				F33000000000000000000001 /* Detail */,
				F34000000000000000000001 /* Settings */,
			);
			path = Features;
			sourceTree = "<group>";
		};
		F32000000000000000000001 /* Map */ = {
			isa = PBXGroup;
			children = (
			);
			path = Map;
			sourceTree = "<group>";
		};
		F33000000000000000000001 /* Detail */ = {
			isa = PBXGroup;
			children = (
			);
			path = Detail;
			sourceTree = "<group>";
		};
		F34000000000000000000001 /* Settings */ = {
			isa = PBXGroup;
			children = (
			);
			path = Settings;
			sourceTree = "<group>";
		};
		F35000000000000000000001 /* Services */ = {
			isa = PBXGroup;
			children = (
			);
			path = Services;
			sourceTree = "<group>";
		};
		F36000000000000000000001 /* Models */ = {
			isa = PBXGroup;
			children = (
				F50100000000000000000001 /* FuelType.swift */,
				F50100000000000000000002 /* Station.swift */,
			);
			path = Models;
			sourceTree = "<group>";
		};
		F37000000000000000000001 /* Design */ = {
			isa = PBXGroup;
			children = (
			);
			path = Design;
			sourceTree = "<group>";
		};
		F38000000000000000000001 /* Intents */ = {
			isa = PBXGroup;
			children = (
			);
			path = Intents;
			sourceTree = "<group>";
		};
		600000000000000000000004 /* TankRadarTests */ = {
			isa = PBXGroup;
			children = (
				F51100000000000000000001 /* FuelTypeTests.swift */,
				F51100000000000000000002 /* StationTests.swift */,
				F51300000000000000000001 /* Fixtures */,
			);
			path = TankRadarTests;
			sourceTree = "<group>";
		};
		F51300000000000000000001 /* Fixtures */ = {
			isa = PBXGroup;
			children = (
				F51200000000000000000001 /* station-list-sample.json */,
				F51200000000000000000002 /* station-price-false-sample.json */,
			);
			path = Fixtures;
			sourceTree = "<group>";
		};
		600000000000000000000005 /* TankRadarUITests */ = {
			isa = PBXGroup;
			children = (
				500000000000000000000001 /* TankRadarUITests.swift */,
			);
			path = TankRadarUITests;
			sourceTree = "<group>";
		};
/* End PBXGroup section */

/* Begin PBXNativeTarget section */
		100000000000000000000002 /* TankRadar */ = {
			isa = PBXNativeTarget;
			buildConfigurationList = C100000000000000000000002 /* Build configuration list for PBXNativeTarget "TankRadar" */;
			buildPhases = (
				700000000000000000000001 /* Sources */,
				700000000000000000000002 /* Frameworks */,
				700000000000000000000003 /* Resources */,
			);
			buildRules = (
			);
			dependencies = (
			);
			name = TankRadar;
			productName = TankRadar;
			productReference = 200000000000000000000001 /* TankRadar.app */;
			productType = "com.apple.product-type.application";
		};
		100000000000000000000003 /* TankRadarTests */ = {
			isa = PBXNativeTarget;
			buildConfigurationList = C100000000000000000000003 /* Build configuration list for PBXNativeTarget "TankRadarTests" */;
			buildPhases = (
				700000000000000000000011 /* Sources */,
				700000000000000000000012 /* Frameworks */,
				700000000000000000000013 /* Resources */,
			);
			buildRules = (
			);
			dependencies = (
				910000000000000000000001 /* PBXTargetDependency */,
			);
			name = TankRadarTests;
			productName = TankRadarTests;
			productReference = 200000000000000000000002 /* TankRadarTests.xctest */;
			productType = "com.apple.product-type.bundle.unit-test";
		};
		100000000000000000000004 /* TankRadarUITests */ = {
			isa = PBXNativeTarget;
			buildConfigurationList = C100000000000000000000004 /* Build configuration list for PBXNativeTarget "TankRadarUITests" */;
			buildPhases = (
				700000000000000000000021 /* Sources */,
				700000000000000000000022 /* Frameworks */,
			);
			buildRules = (
			);
			dependencies = (
				910000000000000000000002 /* PBXTargetDependency */,
			);
			name = TankRadarUITests;
			productName = TankRadarUITests;
			productReference = 200000000000000000000003 /* TankRadarUITests.xctest */;
			productType = "com.apple.product-type.bundle.ui-testing";
		};
/* End PBXNativeTarget section */

/* Begin PBXProject section */
		100000000000000000000001 /* Project object */ = {
			isa = PBXProject;
			attributes = {
				BuildIndependentTargetsInParallel = 1;
				LastSwiftUpdateCheck = 2600;
				LastUpgradeCheck = 2600;
				TargetAttributes = {
					100000000000000000000002 = {
						TestTargetID = 100000000000000000000004;
					};
				};
			};
			buildConfigurationList = C100000000000000000000001 /* Build configuration list for PBXProject "TankRadar" */;
			compatibilityVersion = "Xcode 14.0";
			developmentRegion = en;
			hasScannedForEncodings = 0;
			knownRegions = (
				en,
				Base,
			);
			mainGroup = 600000000000000000000001;
			productRefGroup = 600000000000000000000002 /* Products */;
			projectDirPath = "";
			projectRoot = "";
			targets = (
				100000000000000000000002 /* TankRadar */,
				100000000000000000000003 /* TankRadarTests */,
				100000000000000000000004 /* TankRadarUITests */,
			);
		};
/* End PBXProject section */

/* Begin PBXResourcesBuildPhase section */
		700000000000000000000003 /* Resources */ = {
			isa = PBXResourcesBuildPhase;
			buildActionMask = 2147483647;
			files = (
				800000000000000000000003 /* Assets.xcassets in Resources */,
			);
			runOnlyForDeploymentPostprocessing = 0;
		};
		700000000000000000000013 /* Resources */ = {
			isa = PBXResourcesBuildPhase;
			buildActionMask = 2147483647;
			files = (
				F50400000000000000000001 /* station-list-sample.json in Resources */,
				F50400000000000000000002 /* station-price-false-sample.json in Resources */,
			);
			runOnlyForDeploymentPostprocessing = 0;
		};
/* End PBXResourcesBuildPhase section */

/* Begin PBXSourcesBuildPhase section */
		700000000000000000000001 /* Sources */ = {
			isa = PBXSourcesBuildPhase;
			buildActionMask = 2147483647;
			files = (
				800000000000000000000001 /* TankRadarApp.swift in Sources */,
				800000000000000000000002 /* ContentView.swift in Sources */,
				F20000000000000000000001 /* APIKeys.example.swift in Sources */,
				F50200000000000000000001 /* FuelType.swift in Sources */,
				F50200000000000000000002 /* Station.swift in Sources */,
			);
			runOnlyForDeploymentPostprocessing = 0;
		};
		700000000000000000000011 /* Sources */ = {
			isa = PBXSourcesBuildPhase;
			buildActionMask = 2147483647;
			files = (
				F50300000000000000000001 /* FuelTypeTests.swift in Sources */,
				F50300000000000000000002 /* StationTests.swift in Sources */,
			);
			runOnlyForDeploymentPostprocessing = 0;
		};
		700000000000000000000021 /* Sources */ = {
			isa = PBXSourcesBuildPhase;
			buildActionMask = 2147483647;
			files = (
				800000000000000000000005 /* TankRadarUITests.swift in Sources */,
			);
			runOnlyForDeploymentPostprocessing = 0;
		};
/* End PBXSourcesBuildPhase section */

/* Begin PBXTargetDependency section */
		910000000000000000000001 /* PBXTargetDependency */ = {
			isa = PBXTargetDependency;
			target = 100000000000000000000002 /* TankRadar */;
			targetProxy = 900000000000000000000001 /* PBXContainerItemProxy */;
		};
		910000000000000000000002 /* PBXTargetDependency */ = {
			isa = PBXTargetDependency;
			target = 100000000000000000000002 /* TankRadar */;
			targetProxy = 900000000000000000000002 /* PBXContainerItemProxy */;
		};
/* End PBXTargetDependency section */

/* Begin XCBuildConfiguration section */
		D100000000000000000000001 /* Debug */ = {
			isa = XCBuildConfiguration;
			buildSettings = {
				ALWAYS_SEARCH_USER_PATHS = NO;
				ASSETCATALOG_COMPILER_GENERATE_SWIFT_ASSET_SYMBOL_EXTENSIONS = YES;
				CLANG_ANALYZER_NONNULL = YES;
				CLANG_ANALYZER_NUMBER_OBJECT_CONVERSION = YES_AGGRESSIVE;
				CLANG_CXX_LANGUAGE_STANDARD = "gnu++20";
				CLANG_ENABLE_MODULES = YES;
				CLANG_ENABLE_OBJC_ARC = YES;
				CLANG_ENABLE_OBJC_WEAK = YES;
				CLANG_WARN_BLOCK_CAPTURE_AUTORELEASING = YES;
				CLANG_WARN_BOOL_CONVERSION = YES;
				CLANG_WARN_COMMA = YES;
				CLANG_WARN_CONSTANT_CONVERSION = YES;
				CLANG_WARN_DEPRECATED_OBJC_IMPLEMENTATIONS = YES;
				CLANG_WARN_DIRECT_OBJC_ISA_USAGE = YES_ERROR;
				CLANG_WARN_DOCUMENTATION_COMMENTS = YES;
				CLANG_WARN_EMPTY_BODY = YES;
				CLANG_WARN_ENUM_CONVERSION = YES;
				CLANG_WARN_INFINITE_RECURSION = YES;
				CLANG_WARN_INT_CONVERSION = YES;
				CLANG_WARN_NON_LITERAL_NULL_CONVERSION = YES;
				CLANG_WARN_OBJC_IMPLICIT_RETAIN_SELF = YES;
				CLANG_WARN_OBJC_LITERAL_CONVERSION = YES;
				CLANG_WARN_OBJC_ROOT_CLASS = YES_ERROR;
				CLANG_WARN_QUOTED_INCLUDE_IN_FRAMEWORK_HEADER = YES;
				CLANG_WARN_RANGE_LOOP_ANALYSIS = YES;
				CLANG_WARN_STRICT_PROTOTYPES = YES;
				CLANG_WARN_SUSPICIOUS_MOVE = YES;
				CLANG_WARN_UNGUARDED_AVAILABILITY = YES_AGGRESSIVE;
				CLANG_WARN_UNREACHABLE_CODE = YES;
				CLANG_WARN__DUPLICATE_METHOD_MATCH = YES;
				COPY_PHASE_STRIP = NO;
				DEBUG_INFORMATION_FORMAT = dwarf;
				ENABLE_STRICT_OBJC_MSGSEND = YES;
				ENABLE_TESTABILITY = YES;
				ENABLE_USER_SCRIPT_SANDBOXING = YES;
				GCC_C_LANGUAGE_STANDARD = gnu17;
				GCC_DYNAMIC_NO_PIC = NO;
				GCC_NO_COMMON_BLOCKS = YES;
				GCC_OPTIMIZATION_LEVEL = 0;
				GCC_PREPROCESSOR_DEFINITIONS = (
					"DEBUG=1",
					"$(inherited)",
				);
				GCC_WARN_64_TO_32_BIT_CONVERSION = YES;
				GCC_WARN_ABOUT_RETURN_TYPE = YES_ERROR;
				GCC_WARN_UNDECLARED_SELECTOR = YES;
				GCC_WARN_UNINITIALIZED_AUTOS = YES_AGGRESSIVE;
				GCC_WARN_UNUSED_FUNCTION = YES;
				GCC_WARN_UNUSED_VARIABLE = YES;
				IPHONEOS_DEPLOYMENT_TARGET = 26.0;
				LOCALIZATION_PREFERS_STRING_CATALOGS = YES;
				MTL_ENABLE_DEBUG_INFO = INCLUDE_SOURCE;
				MTL_FAST_MATH = YES;
				ONLY_ACTIVE_ARCH = YES;
				SDKROOT = iphoneos;
				SWIFT_ACTIVE_COMPILATION_CONDITIONS = "DEBUG $(inherited)";
				SWIFT_OPTIMIZATION_LEVEL = "-Onone";
			};
			name = Debug;
		};
		D100000000000000000000002 /* Release */ = {
			isa = XCBuildConfiguration;
			buildSettings = {
				ALWAYS_SEARCH_USER_PATHS = NO;
				ASSETCATALOG_COMPILER_GENERATE_SWIFT_ASSET_SYMBOL_EXTENSIONS = YES;
				CLANG_ANALYZER_NONNULL = YES;
				CLANG_ANALYZER_NUMBER_OBJECT_CONVERSION = YES_AGGRESSIVE;
				CLANG_CXX_LANGUAGE_STANDARD = "gnu++20";
				CLANG_ENABLE_MODULES = YES;
				CLANG_ENABLE_OBJC_ARC = YES;
				CLANG_ENABLE_OBJC_WEAK = YES;
				CLANG_WARN_BLOCK_CAPTURE_AUTORELEASING = YES;
				CLANG_WARN_BOOL_CONVERSION = YES;
				CLANG_WARN_COMMA = YES;
				CLANG_WARN_CONSTANT_CONVERSION = YES;
				CLANG_WARN_DEPRECATED_OBJC_IMPLEMENTATIONS = YES;
				CLANG_WARN_DIRECT_OBJC_ISA_USAGE = YES_ERROR;
				CLANG_WARN_DOCUMENTATION_COMMENTS = YES;
				CLANG_WARN_EMPTY_BODY = YES;
				CLANG_WARN_ENUM_CONVERSION = YES;
				CLANG_WARN_INFINITE_RECURSION = YES;
				CLANG_WARN_INT_CONVERSION = YES;
				CLANG_WARN_NON_LITERAL_NULL_CONVERSION = YES;
				CLANG_WARN_OBJC_IMPLICIT_RETAIN_SELF = YES;
				CLANG_WARN_OBJC_LITERAL_CONVERSION = YES;
				CLANG_WARN_OBJC_ROOT_CLASS = YES_ERROR;
				CLANG_WARN_QUOTED_INCLUDE_IN_FRAMEWORK_HEADER = YES;
				CLANG_WARN_RANGE_LOOP_ANALYSIS = YES;
				CLANG_WARN_STRICT_PROTOTYPES = YES;
				CLANG_WARN_SUSPICIOUS_MOVE = YES;
				CLANG_WARN_UNGUARDED_AVAILABILITY = YES_AGGRESSIVE;
				CLANG_WARN_UNREACHABLE_CODE = YES;
				CLANG_WARN__DUPLICATE_METHOD_MATCH = YES;
				COPY_PHASE_STRIP = NO;
				DEBUG_INFORMATION_FORMAT = "dwarf-with-dsym";
				ENABLE_NS_ASSERTIONS = NO;
				ENABLE_STRICT_OBJC_MSGSEND = YES;
				ENABLE_USER_SCRIPT_SANDBOXING = YES;
				GCC_C_LANGUAGE_STANDARD = gnu17;
				GCC_NO_COMMON_BLOCKS = YES;
				GCC_WARN_64_TO_32_BIT_CONVERSION = YES;
				GCC_WARN_ABOUT_RETURN_TYPE = YES_ERROR;
				GCC_WARN_UNDECLARED_SELECTOR = YES;
				GCC_WARN_UNINITIALIZED_AUTOS = YES_AGGRESSIVE;
				GCC_WARN_UNUSED_FUNCTION = YES;
				GCC_WARN_UNUSED_VARIABLE = YES;
				IPHONEOS_DEPLOYMENT_TARGET = 26.0;
				LOCALIZATION_PREFERS_STRING_CATALOGS = YES;
				MTL_ENABLE_DEBUG_INFO = NO;
				MTL_FAST_MATH = YES;
				SDKROOT = iphoneos;
				SWIFT_COMPILATION_MODE = wholemodule;
				VALIDATE_PRODUCT = YES;
			};
			name = Release;
		};
		D100000000000000000000011 /* Debug */ = {
			isa = XCBuildConfiguration;
			buildSettings = {
				ASSETCATALOG_COMPILER_APPICON_NAME = AppIcon;
				CODE_SIGN_STYLE = Automatic;
				CURRENT_PROJECT_VERSION = 1;
				DEVELOPMENT_TEAM = "";
				ENABLE_PREVIEWS = YES;
				GENERATE_INFOPLIST_FILE = YES;
				INFOPLIST_KEY_LSApplicationCategoryType = "public.app-category.navigation";
				INFOPLIST_KEY_NSLocationWhenInUseUsageDescription = "TankRadar benötigt deinen Standort, um Tankstellen in deiner Nähe anzuzeigen.";
				INFOPLIST_KEY_UIApplicationSceneManifest_Generation = YES;
				INFOPLIST_KEY_UIApplicationSupportsIndirectInputEvents = YES;
				INFOPLIST_KEY_UILaunchScreen_Generation = YES;
				INFOPLIST_KEY_UISupportedInterfaceOrientations_iPad = "UIInterfaceOrientationPortrait UIInterfaceOrientationPortraitUpsideDown UIInterfaceOrientationLandscapeLeft UIInterfaceOrientationLandscapeRight";
				INFOPLIST_KEY_UISupportedInterfaceOrientations_iPhone = "UIInterfaceOrientationPortrait UIInterfaceOrientationLandscapeLeft UIInterfaceOrientationLandscapeRight";
				LD_RUNPATH_SEARCH_PATHS = (
					"$(inherited)",
					"@executable_path/Frameworks",
				);
				MARKETING_VERSION = 1.0;
				PRODUCT_BUNDLE_IDENTIFIER = app.tankradar.TankRadar;
				PRODUCT_NAME = "$(TARGET_NAME)";
				SWIFT_EMIT_LOC_STRINGS = YES;
				SWIFT_STRICT_CONCURRENCY = complete;
				SWIFT_VERSION = 6.0;
				TARGETED_DEVICE_FAMILY = "1,2";
			};
			name = Debug;
		};
		D100000000000000000000012 /* Release */ = {
			isa = XCBuildConfiguration;
			buildSettings = {
				ASSETCATALOG_COMPILER_APPICON_NAME = AppIcon;
				CODE_SIGN_STYLE = Automatic;
				CURRENT_PROJECT_VERSION = 1;
				DEVELOPMENT_TEAM = "";
				ENABLE_PREVIEWS = YES;
				GENERATE_INFOPLIST_FILE = YES;
				INFOPLIST_KEY_LSApplicationCategoryType = "public.app-category.navigation";
				INFOPLIST_KEY_NSLocationWhenInUseUsageDescription = "TankRadar benötigt deinen Standort, um Tankstellen in deiner Nähe anzuzeigen.";
				INFOPLIST_KEY_UIApplicationSceneManifest_Generation = YES;
				INFOPLIST_KEY_UIApplicationSupportsIndirectInputEvents = YES;
				INFOPLIST_KEY_UILaunchScreen_Generation = YES;
				INFOPLIST_KEY_UISupportedInterfaceOrientations_iPad = "UIInterfaceOrientationPortrait UIInterfaceOrientationPortraitUpsideDown UIInterfaceOrientationLandscapeLeft UIInterfaceOrientationLandscapeRight";
				INFOPLIST_KEY_UISupportedInterfaceOrientations_iPhone = "UIInterfaceOrientationPortrait UIInterfaceOrientationLandscapeLeft UIInterfaceOrientationLandscapeRight";
				LD_RUNPATH_SEARCH_PATHS = (
					"$(inherited)",
					"@executable_path/Frameworks",
				);
				MARKETING_VERSION = 1.0;
				PRODUCT_BUNDLE_IDENTIFIER = app.tankradar.TankRadar;
				PRODUCT_NAME = "$(TARGET_NAME)";
				SWIFT_EMIT_LOC_STRINGS = YES;
				SWIFT_STRICT_CONCURRENCY = complete;
				SWIFT_VERSION = 6.0;
				TARGETED_DEVICE_FAMILY = "1,2";
			};
			name = Release;
		};
		D100000000000000000000021 /* Debug */ = {
			isa = XCBuildConfiguration;
			buildSettings = {
				BUNDLE_LOADER = "$(TEST_HOST)";
				CODE_SIGN_STYLE = Automatic;
				CURRENT_PROJECT_VERSION = 1;
				GENERATE_INFOPLIST_FILE = YES;
				MARKETING_VERSION = 1.0;
				PRODUCT_BUNDLE_IDENTIFIER = app.tankradar.TankRadarTests;
				PRODUCT_NAME = "$(TARGET_NAME)";
				SWIFT_STRICT_CONCURRENCY = complete;
				SWIFT_VERSION = 6.0;
				TARGETED_DEVICE_FAMILY = "1,2";
				TEST_HOST = "$(BUILT_PRODUCTS_DIR)/TankRadar.app/$(BUNDLE_EXECUTABLE_FOLDER_PATH)/TankRadar";
			};
			name = Debug;
		};
		D100000000000000000000022 /* Release */ = {
			isa = XCBuildConfiguration;
			buildSettings = {
				BUNDLE_LOADER = "$(TEST_HOST)";
				CODE_SIGN_STYLE = Automatic;
				CURRENT_PROJECT_VERSION = 1;
				GENERATE_INFOPLIST_FILE = YES;
				MARKETING_VERSION = 1.0;
				PRODUCT_BUNDLE_IDENTIFIER = app.tankradar.TankRadarTests;
				PRODUCT_NAME = "$(TARGET_NAME)";
				SWIFT_STRICT_CONCURRENCY = complete;
				SWIFT_VERSION = 6.0;
				TARGETED_DEVICE_FAMILY = "1,2";
				TEST_HOST = "$(BUILT_PRODUCTS_DIR)/TankRadar.app/$(BUNDLE_EXECUTABLE_FOLDER_PATH)/TankRadar";
			};
			name = Release;
		};
		D100000000000000000000031 /* Debug */ = {
			isa = XCBuildConfiguration;
			buildSettings = {
				CODE_SIGN_STYLE = Automatic;
				CURRENT_PROJECT_VERSION = 1;
				GENERATE_INFOPLIST_FILE = YES;
				MARKETING_VERSION = 1.0;
				PRODUCT_BUNDLE_IDENTIFIER = app.tankradar.TankRadarUITests;
				PRODUCT_NAME = "$(TARGET_NAME)";
				SWIFT_STRICT_CONCURRENCY = complete;
				SWIFT_VERSION = 6.0;
				TARGETED_DEVICE_FAMILY = "1,2";
				TEST_TARGET_NAME = TankRadar;
			};
			name = Debug;
		};
		D100000000000000000000032 /* Release */ = {
			isa = XCBuildConfiguration;
			buildSettings = {
				CODE_SIGN_STYLE = Automatic;
				CURRENT_PROJECT_VERSION = 1;
				GENERATE_INFOPLIST_FILE = YES;
				MARKETING_VERSION = 1.0;
				PRODUCT_BUNDLE_IDENTIFIER = app.tankradar.TankRadarUITests;
				PRODUCT_NAME = "$(TARGET_NAME)";
				SWIFT_STRICT_CONCURRENCY = complete;
				SWIFT_VERSION = 6.0;
				TARGETED_DEVICE_FAMILY = "1,2";
				TEST_TARGET_NAME = TankRadar;
			};
			name = Release;
		};
/* End XCBuildConfiguration section */

/* Begin XCConfigurationList section */
		C100000000000000000000001 /* Build configuration list for PBXProject "TankRadar" */ = {
			isa = XCConfigurationList;
			buildConfigurations = (
				D100000000000000000000001 /* Debug */,
				D100000000000000000000002 /* Release */,
			);
			defaultConfigurationIsVisible = 0;
			defaultConfigurationName = Release;
		};
		C100000000000000000000002 /* Build configuration list for PBXNativeTarget "TankRadar" */ = {
			isa = XCConfigurationList;
			buildConfigurations = (
				D100000000000000000000011 /* Debug */,
				D100000000000000000000012 /* Release */,
			);
			defaultConfigurationIsVisible = 0;
			defaultConfigurationName = Release;
		};
		C100000000000000000000003 /* Build configuration list for PBXNativeTarget "TankRadarTests" */ = {
			isa = XCConfigurationList;
			buildConfigurations = (
				D100000000000000000000021 /* Debug */,
				D100000000000000000000022 /* Release */,
			);
			defaultConfigurationIsVisible = 0;
			defaultConfigurationName = Release;
		};
		C100000000000000000000004 /* Build configuration list for PBXNativeTarget "TankRadarUITests" */ = {
			isa = XCConfigurationList;
			buildConfigurations = (
				D100000000000000000000031 /* Debug */,
				D100000000000000000000032 /* Release */,
			);
			defaultConfigurationIsVisible = 0;
			defaultConfigurationName = Release;
		};
/* End XCConfigurationList section */
	};
	rootObject = 100000000000000000000001 /* Project object */;
}
